PODS:
  - Alamofire (4.9.1)
  - JGProgressHUD (2.1)
  - Localize-Swift (3.1.0)
  - SwiftyJSON (5.0.0)

DEPENDENCIES:
  - Alamofire (~> 4.9.1)
  - JGProgressHUD
  - Localize-Swift
  - SwiftyJSON

SPEC REPOS:
  trunk:
    - Alamofire
    - JGProgressHUD
    - Localize-Swift
    - SwiftyJSON

SPEC CHECKSUMS:
  Alamofire: 85e8a02c69d6020a0d734f6054870d7ecb75cf18
  JGProgressHUD: aa403e9a5b45cae98903c4600cccdd98c0c3ec90
  Localize-Swift: 4bed4f0ccac8be2ec3517ee359da80ba2adb0fae
  SwiftyJSON: 36413e04c44ee145039d332b4f4e2d3e8d6c4db7

PODFILE CHECKSUM: 775e93c154d0e0e21d39a24764a60713cd3d4295

COCOAPODS: 1.9.0
